
Microsoft Visual Studio Solution File, Format Version 12.00
# Visual Studio 15
VisualStudioVersion = 15.0.26430.14
MinimumVisualStudioVersion = 10.0.40219.1
Project("{9A19103F-16F7-4668-BE54-9A1E7A4F7556}") = "Swastika", "Swastika\Swastika.csproj", "{7AEADEE1-AC62-453D-8486-039AE0D77D1A}"
EndProject
Project("{2150E333-8FDC-42A3-9474-1A3956D46DE8}") = "Solution Items", "Solution Items", "{86CB3A0F-4630-4F33-B766-D02C9F25201B}"
	ProjectSection(SolutionItems) = preProject
		NuGet.config = NuGet.config
	EndProjectSection
EndProject
Project("{9A19103F-16F7-4668-BE54-9A1E7A4F7556}") = "Swastika.Identity", "..\Swastika-Identity\src\Swastika.Identity\Swastika.Identity.csproj", "{18FF581B-5DC9-4723-A6D6-1430B029D0F7}"
EndProject
Global
	GlobalSection(SolutionConfigurationPlatforms) = preSolution
		Debug|Any CPU = Debug|Any CPU
		Debug|ARM = Debug|ARM
		Debug|x64 = Debug|x64
		Debug|x86 = Debug|x86
		Release|Any CPU = Release|Any CPU
		Release|ARM = Release|ARM
		Release|x64 = Release|x64
		Release|x86 = Release|x86
	EndGlobalSection
	GlobalSection(ProjectConfigurationPlatforms) = postSolution
		{7AEADEE1-AC62-453D-8486-039AE0D77D1A}.Debug|Any CPU.ActiveCfg = Debug|Any CPU
		{7AEADEE1-AC62-453D-8486-039AE0D77D1A}.Debug|Any CPU.Build.0 = Debug|Any CPU
		{7AEADEE1-AC62-453D-8486-039AE0D77D1A}.Debug|ARM.ActiveCfg = Debug|Any CPU
		{7AEADEE1-AC62-453D-8486-039AE0D77D1A}.Debug|ARM.Build.0 = Debug|Any CPU
		{7AEADEE1-AC62-453D-8486-039AE0D77D1A}.Debug|x64.ActiveCfg = Debug|Any CPU
		{7AEADEE1-AC62-453D-8486-039AE0D77D1A}.Debug|x64.Build.0 = Debug|Any CPU
		{7AEADEE1-AC62-453D-8486-039AE0D77D1A}.Debug|x86.ActiveCfg = Debug|Any CPU
		{7AEADEE1-AC62-453D-8486-039AE0D77D1A}.Debug|x86.Build.0 = Debug|Any CPU
		{7AEADEE1-AC62-453D-8486-039AE0D77D1A}.Release|Any CPU.ActiveCfg = Release|Any CPU
		{7AEADEE1-AC62-453D-8486-039AE0D77D1A}.Release|Any CPU.Build.0 = Release|Any CPU
		{7AEADEE1-AC62-453D-8486-039AE0D77D1A}.Release|ARM.ActiveCfg = Release|Any CPU
		{7AEADEE1-AC62-453D-8486-039AE0D77D1A}.Release|ARM.Build.0 = Release|Any CPU
		{7AEADEE1-AC62-453D-8486-039AE0D77D1A}.Release|x64.ActiveCfg = Release|Any CPU
		{7AEADEE1-AC62-453D-8486-039AE0D77D1A}.Release|x64.Build.0 = Release|Any CPU
		{7AEADEE1-AC62-453D-8486-039AE0D77D1A}.Release|x86.ActiveCfg = Release|Any CPU
		{7AEADEE1-AC62-453D-8486-039AE0D77D1A}.Release|x86.Build.0 = Release|Any CPU
		{18FF581B-5DC9-4723-A6D6-1430B029D0F7}.Debug|Any CPU.ActiveCfg = Debug|Any CPU
		{18FF581B-5DC9-4723-A6D6-1430B029D0F7}.Debug|Any CPU.Build.0 = Debug|Any CPU
		{18FF581B-5DC9-4723-A6D6-1430B029D0F7}.Debug|ARM.ActiveCfg = Debug|Any CPU
		{18FF581B-5DC9-4723-A6D6-1430B029D0F7}.Debug|ARM.Build.0 = Debug|Any CPU
		{18FF581B-5DC9-4723-A6D6-1430B029D0F7}.Debug|x64.ActiveCfg = Debug|Any CPU
		{18FF581B-5DC9-4723-A6D6-1430B029D0F7}.Debug|x64.Build.0 = Debug|Any CPU
		{18FF581B-5DC9-4723-A6D6-1430B029D0F7}.Debug|x86.ActiveCfg = Debug|Any CPU
		{18FF581B-5DC9-4723-A6D6-1430B029D0F7}.Debug|x86.Build.0 = Debug|Any CPU
		{18FF581B-5DC9-4723-A6D6-1430B029D0F7}.Release|Any CPU.ActiveCfg = Release|Any CPU
		{18FF581B-5DC9-4723-A6D6-1430B029D0F7}.Release|Any CPU.Build.0 = Release|Any CPU
		{18FF581B-5DC9-4723-A6D6-1430B029D0F7}.Release|ARM.ActiveCfg = Release|Any CPU
		{18FF581B-5DC9-4723-A6D6-1430B029D0F7}.Release|ARM.Build.0 = Release|Any CPU
		{18FF581B-5DC9-4723-A6D6-1430B029D0F7}.Release|x64.ActiveCfg = Release|Any CPU
		{18FF581B-5DC9-4723-A6D6-1430B029D0F7}.Release|x64.Build.0 = Release|Any CPU
		{18FF581B-5DC9-4723-A6D6-1430B029D0F7}.Release|x86.ActiveCfg = Release|Any CPU
		{18FF581B-5DC9-4723-A6D6-1430B029D0F7}.Release|x86.Build.0 = Release|Any CPU
	EndGlobalSection
	GlobalSection(SolutionProperties) = preSolution
		HideSolutionNode = FALSE
	EndGlobalSection
EndGlobal
