
Microsoft Visual Studio Solution File, Format Version 12.00
# Visual Studio 15
VisualStudioVersion = 15.0.26430.12
MinimumVisualStudioVersion = 10.0.40219.1
Project("{9A19103F-16F7-4668-BE54-9A1E7A4F7556}") = "TTS.Lib", "TTS.Lib\TTS.Lib.csproj", "{E34B8F1D-9822-4C82-B476-8B5F79569828}"
EndProject
Project("{9A19103F-16F7-4668-BE54-9A1E7A4F7556}") = "Swastika", "Swastika\Swastika.csproj", "{7AEADEE1-AC62-453D-8486-039AE0D77D1A}"
EndProject
Project("{9A19103F-16F7-4668-BE54-9A1E7A4F7556}") = "TTS.Web", "TTS.Web\TTS.Web.csproj", "{983C6703-BF8F-4F2D-81F6-BF27D31BE221}"
EndProject
Project("{9A19103F-16F7-4668-BE54-9A1E7A4F7556}") = "TTS.Identity", "TTS.Identity\TTS.Identity.csproj", "{E3D49851-66F5-452A-A075-9D823C28360A}"
EndProject
Project("{2150E333-8FDC-42A3-9474-1A3956D46DE8}") = "Solution Items", "Solution Items", "{86CB3A0F-4630-4F33-B766-D02C9F25201B}"
	ProjectSection(SolutionItems) = preProject
		NuGet.config = NuGet.config
	EndProjectSection
EndProject
Global
	GlobalSection(SolutionConfigurationPlatforms) = preSolution
		Debug|Any CPU = Debug|Any CPU
		Debug|ARM = Debug|ARM
		Debug|x64 = Debug|x64
		Debug|x86 = Debug|x86
		Release|Any CPU = Release|Any CPU
		Release|ARM = Release|ARM
		Release|x64 = Release|x64
		Release|x86 = Release|x86
	EndGlobalSection
	GlobalSection(ProjectConfigurationPlatforms) = postSolution
		{E34B8F1D-9822-4C82-B476-8B5F79569828}.Debug|Any CPU.ActiveCfg = Debug|Any CPU
		{E34B8F1D-9822-4C82-B476-8B5F79569828}.Debug|Any CPU.Build.0 = Debug|Any CPU
		{E34B8F1D-9822-4C82-B476-8B5F79569828}.Debug|ARM.ActiveCfg = Debug|Any CPU
		{E34B8F1D-9822-4C82-B476-8B5F79569828}.Debug|ARM.Build.0 = Debug|Any CPU
		{E34B8F1D-9822-4C82-B476-8B5F79569828}.Debug|x64.ActiveCfg = Debug|Any CPU
		{E34B8F1D-9822-4C82-B476-8B5F79569828}.Debug|x64.Build.0 = Debug|Any CPU
		{E34B8F1D-9822-4C82-B476-8B5F79569828}.Debug|x86.ActiveCfg = Debug|Any CPU
		{E34B8F1D-9822-4C82-B476-8B5F79569828}.Debug|x86.Build.0 = Debug|Any CPU
		{E34B8F1D-9822-4C82-B476-8B5F79569828}.Release|Any CPU.ActiveCfg = Release|Any CPU
		{E34B8F1D-9822-4C82-B476-8B5F79569828}.Release|Any CPU.Build.0 = Release|Any CPU
		{E34B8F1D-9822-4C82-B476-8B5F79569828}.Release|ARM.ActiveCfg = Release|Any CPU
		{E34B8F1D-9822-4C82-B476-8B5F79569828}.Release|ARM.Build.0 = Release|Any CPU
		{E34B8F1D-9822-4C82-B476-8B5F79569828}.Release|x64.ActiveCfg = Release|Any CPU
		{E34B8F1D-9822-4C82-B476-8B5F79569828}.Release|x64.Build.0 = Release|Any CPU
		{E34B8F1D-9822-4C82-B476-8B5F79569828}.Release|x86.ActiveCfg = Release|Any CPU
		{E34B8F1D-9822-4C82-B476-8B5F79569828}.Release|x86.Build.0 = Release|Any CPU
		{7AEADEE1-AC62-453D-8486-039AE0D77D1A}.Debug|Any CPU.ActiveCfg = Debug|Any CPU
		{7AEADEE1-AC62-453D-8486-039AE0D77D1A}.Debug|Any CPU.Build.0 = Debug|Any CPU
		{7AEADEE1-AC62-453D-8486-039AE0D77D1A}.Debug|ARM.ActiveCfg = Debug|Any CPU
		{7AEADEE1-AC62-453D-8486-039AE0D77D1A}.Debug|ARM.Build.0 = Debug|Any CPU
		{7AEADEE1-AC62-453D-8486-039AE0D77D1A}.Debug|x64.ActiveCfg = Debug|Any CPU
		{7AEADEE1-AC62-453D-8486-039AE0D77D1A}.Debug|x64.Build.0 = Debug|Any CPU
		{7AEADEE1-AC62-453D-8486-039AE0D77D1A}.Debug|x86.ActiveCfg = Debug|Any CPU
		{7AEADEE1-AC62-453D-8486-039AE0D77D1A}.Debug|x86.Build.0 = Debug|Any CPU
		{7AEADEE1-AC62-453D-8486-039AE0D77D1A}.Release|Any CPU.ActiveCfg = Release|Any CPU
		{7AEADEE1-AC62-453D-8486-039AE0D77D1A}.Release|Any CPU.Build.0 = Release|Any CPU
		{7AEADEE1-AC62-453D-8486-039AE0D77D1A}.Release|ARM.ActiveCfg = Release|Any CPU
		{7AEADEE1-AC62-453D-8486-039AE0D77D1A}.Release|ARM.Build.0 = Release|Any CPU
		{7AEADEE1-AC62-453D-8486-039AE0D77D1A}.Release|x64.ActiveCfg = Release|Any CPU
		{7AEADEE1-AC62-453D-8486-039AE0D77D1A}.Release|x64.Build.0 = Release|Any CPU
		{7AEADEE1-AC62-453D-8486-039AE0D77D1A}.Release|x86.ActiveCfg = Release|Any CPU
		{7AEADEE1-AC62-453D-8486-039AE0D77D1A}.Release|x86.Build.0 = Release|Any CPU
		{983C6703-BF8F-4F2D-81F6-BF27D31BE221}.Debug|Any CPU.ActiveCfg = Debug|Any CPU
		{983C6703-BF8F-4F2D-81F6-BF27D31BE221}.Debug|Any CPU.Build.0 = Debug|Any CPU
		{983C6703-BF8F-4F2D-81F6-BF27D31BE221}.Debug|ARM.ActiveCfg = Debug|Any CPU
		{983C6703-BF8F-4F2D-81F6-BF27D31BE221}.Debug|ARM.Build.0 = Debug|Any CPU
		{983C6703-BF8F-4F2D-81F6-BF27D31BE221}.Debug|x64.ActiveCfg = Debug|Any CPU
		{983C6703-BF8F-4F2D-81F6-BF27D31BE221}.Debug|x64.Build.0 = Debug|Any CPU
		{983C6703-BF8F-4F2D-81F6-BF27D31BE221}.Debug|x86.ActiveCfg = Debug|Any CPU
		{983C6703-BF8F-4F2D-81F6-BF27D31BE221}.Debug|x86.Build.0 = Debug|Any CPU
		{983C6703-BF8F-4F2D-81F6-BF27D31BE221}.Release|Any CPU.ActiveCfg = Release|Any CPU
		{983C6703-BF8F-4F2D-81F6-BF27D31BE221}.Release|Any CPU.Build.0 = Release|Any CPU
		{983C6703-BF8F-4F2D-81F6-BF27D31BE221}.Release|ARM.ActiveCfg = Release|Any CPU
		{983C6703-BF8F-4F2D-81F6-BF27D31BE221}.Release|ARM.Build.0 = Release|Any CPU
		{983C6703-BF8F-4F2D-81F6-BF27D31BE221}.Release|x64.ActiveCfg = Release|Any CPU
		{983C6703-BF8F-4F2D-81F6-BF27D31BE221}.Release|x64.Build.0 = Release|Any CPU
		{983C6703-BF8F-4F2D-81F6-BF27D31BE221}.Release|x86.ActiveCfg = Release|Any CPU
		{983C6703-BF8F-4F2D-81F6-BF27D31BE221}.Release|x86.Build.0 = Release|Any CPU
		{E3D49851-66F5-452A-A075-9D823C28360A}.Debug|Any CPU.ActiveCfg = Debug|Any CPU
		{E3D49851-66F5-452A-A075-9D823C28360A}.Debug|Any CPU.Build.0 = Debug|Any CPU
		{E3D49851-66F5-452A-A075-9D823C28360A}.Debug|ARM.ActiveCfg = Debug|Any CPU
		{E3D49851-66F5-452A-A075-9D823C28360A}.Debug|ARM.Build.0 = Debug|Any CPU
		{E3D49851-66F5-452A-A075-9D823C28360A}.Debug|x64.ActiveCfg = Debug|Any CPU
		{E3D49851-66F5-452A-A075-9D823C28360A}.Debug|x64.Build.0 = Debug|Any CPU
		{E3D49851-66F5-452A-A075-9D823C28360A}.Debug|x86.ActiveCfg = Debug|Any CPU
		{E3D49851-66F5-452A-A075-9D823C28360A}.Debug|x86.Build.0 = Debug|Any CPU
		{E3D49851-66F5-452A-A075-9D823C28360A}.Release|Any CPU.ActiveCfg = Release|Any CPU
		{E3D49851-66F5-452A-A075-9D823C28360A}.Release|Any CPU.Build.0 = Release|Any CPU
		{E3D49851-66F5-452A-A075-9D823C28360A}.Release|ARM.ActiveCfg = Release|Any CPU
		{E3D49851-66F5-452A-A075-9D823C28360A}.Release|ARM.Build.0 = Release|Any CPU
		{E3D49851-66F5-452A-A075-9D823C28360A}.Release|x64.ActiveCfg = Release|Any CPU
		{E3D49851-66F5-452A-A075-9D823C28360A}.Release|x64.Build.0 = Release|Any CPU
		{E3D49851-66F5-452A-A075-9D823C28360A}.Release|x86.ActiveCfg = Release|Any CPU
		{E3D49851-66F5-452A-A075-9D823C28360A}.Release|x86.Build.0 = Release|Any CPU
	EndGlobalSection
	GlobalSection(SolutionProperties) = preSolution
		HideSolutionNode = FALSE
	EndGlobalSection
EndGlobal
